
Microsoft Visual Studio Solution File, Format Version 12.00
# Visual Studio 14
VisualStudioVersion = 14.0.24720.0
MinimumVisualStudioVersion = 10.0.40219.1
Project("{FAE04EC0-301F-11D3-BF4B-00C04F79EFBC}") = "AgriBook.UI", "AgriBook\AgriBook.UI.csproj", "{0755F4EC-3CCC-4547-BDD4-2957E70163CD}"
EndProject
Project("{FAE04EC0-301F-11D3-BF4B-00C04F79EFBC}") = "AgriBook.API", "AgriBook.API\AgriBook.API.csproj", "{8B10E486-85A3-4929-A2D9-6BA94EB0BFEE}"
EndProject
Project("{FAE04EC0-301F-11D3-BF4B-00C04F79EFBC}") = "AgriBook.DB", "AgriBook.DB\AgriBook.DB.csproj", "{D3D1DF9D-3B50-48D0-AA8F-416A0EDAD211}"
EndProject
Global
	GlobalSection(SolutionConfigurationPlatforms) = preSolution
		Debug|Any CPU = Debug|Any CPU
		Release|Any CPU = Release|Any CPU
	EndGlobalSection
	GlobalSection(ProjectConfigurationPlatforms) = postSolution
		{0755F4EC-3CCC-4547-BDD4-2957E70163CD}.Debug|Any CPU.ActiveCfg = Debug|Any CPU
		{0755F4EC-3CCC-4547-BDD4-2957E70163CD}.Debug|Any CPU.Build.0 = Debug|Any CPU
		{0755F4EC-3CCC-4547-BDD4-2957E70163CD}.Release|Any CPU.ActiveCfg = Release|Any CPU
		{0755F4EC-3CCC-4547-BDD4-2957E70163CD}.Release|Any CPU.Build.0 = Release|Any CPU
		{8B10E486-85A3-4929-A2D9-6BA94EB0BFEE}.Debug|Any CPU.ActiveCfg = Debug|Any CPU
		{8B10E486-85A3-4929-A2D9-6BA94EB0BFEE}.Debug|Any CPU.Build.0 = Debug|Any CPU
		{8B10E486-85A3-4929-A2D9-6BA94EB0BFEE}.Release|Any CPU.ActiveCfg = Release|Any CPU
		{8B10E486-85A3-4929-A2D9-6BA94EB0BFEE}.Release|Any CPU.Build.0 = Release|Any CPU
		{D3D1DF9D-3B50-48D0-AA8F-416A0EDAD211}.Debug|Any CPU.ActiveCfg = Debug|Any CPU
		{D3D1DF9D-3B50-48D0-AA8F-416A0EDAD211}.Debug|Any CPU.Build.0 = Debug|Any CPU
		{D3D1DF9D-3B50-48D0-AA8F-416A0EDAD211}.Release|Any CPU.ActiveCfg = Release|Any CPU
		{D3D1DF9D-3B50-48D0-AA8F-416A0EDAD211}.Release|Any CPU.Build.0 = Release|Any CPU
	EndGlobalSection
	GlobalSection(SolutionProperties) = preSolution
		HideSolutionNode = FALSE
	EndGlobalSection
EndGlobal
